
Microsoft Visual Studio Solution File, Format Version 12.00
# Visual Studio Version 16
VisualStudioVersion = 16.0.32929.386
MinimumVisualStudioVersion = 10.0.40219.1
Project("{FAE04EC0-301F-11D3-BF4B-00C04F79EFBC}") = "BatteryStatus", "BatteryStatus.csproj", "{4992BE17-5F84-4A97-8481-E4D3F46690A8}"
EndProject
Global
	GlobalSection(SolutionConfigurationPlatforms) = preSolution
		Debug|x64 = Debug|x64
	EndGlobalSection
	GlobalSection(ProjectConfigurationPlatforms) = postSolution
		{4992BE17-5F84-4A97-8481-E4D3F46690A8}.Debug|x64.ActiveCfg = Debug|x64
		{4992BE17-5F84-4A97-8481-E4D3F46690A8}.Debug|x64.Build.0 = Debug|x64
	EndGlobalSection
	GlobalSection(SolutionProperties) = preSolution
		HideSolutionNode = FALSE
	EndGlobalSection
	GlobalSection(ExtensibilityGlobals) = postSolution
		SolutionGuid = {24AC9DD4-BFD0-429A-9D88-4192F7289034}
	EndGlobalSection
EndGlobal
